# This file is automatically @generated by Poetry and should not be changed by hand.

[[package]]
name = "sockets"
version = "1.0.0"
description = "Python package which allows creation of simple servers and clients for communication with sockets"
category = "main"
optional = false
python-versions = "*"
files = [
    {file = "sockets-1.0.0-py3-none-any.whl", hash = "sha256:cdb78b0f37b78adadedcc55cdd73c61aacbeb0f00c4c551f1b60f1463457c90b"},
    {file = "sockets-1.0.0.tar.gz", hash = "sha256:0d5691402d3da39c9ef6330647d847b0bed93a4ce8b23bf1a18133e2dcbb5c8d"},
]

[metadata]
lock-version = "2.0"
python-versions = "^3.11"
content-hash = "0e9227faec6447079b771835c78dc4e2bf5fd1a0c03fa4599b1e1755d4f39e0e"
